// !$*UTF8*$!
{
	archiveVersion = 1;
	classes = {
	};
	objectVersion = 46;
	objects = {

/* Begin PBXBuildFile section */
		BEC512932032C04200729FE1 /* AppDelegate.swift in Sources */ = {isa = PBXBuildFile; fileRef = BEC512922032C04200729FE1 /* AppDelegate.swift */; };
		BEC512952032C04200729FE1 /* ViewController.swift in Sources */ = {isa = PBXBuildFile; fileRef = BEC512942032C04200729FE1 /* ViewController.swift */; };
		BEC512982032C04200729FE1 /* Main.storyboard in Resources */ = {isa = PBXBuildFile; fileRef = BEC512962032C04200729FE1 /* Main.storyboard */; };
		BEC5129A2032C04200729FE1 /* Assets.xcassets in Resources */ = {isa = PBXBuildFile; fileRef = BEC512992032C04200729FE1 /* Assets.xcassets */; };
		BEC5129D2032C04200729FE1 /* LaunchScreen.storyboard in Resources */ = {isa = PBXBuildFile; fileRef = BEC5129B2032C04200729FE1 /* LaunchScreen.storyboard */; };
		BEC512A62032C25900729FE1 /* commonCell.swift in Sources */ = {isa = PBXBuildFile; fileRef = BEC512A42032C25900729FE1 /* commonCell.swift */; };
		BEC512A72032C25900729FE1 /* commonCell.xib in Resources */ = {isa = PBXBuildFile; fileRef = BEC512A52032C25900729FE1 /* commonCell.xib */; };
/* End PBXBuildFile section */

/* Begin PBXFileReference section */
		BEC5128F2032C04200729FE1 /* tableViewcellWithxib.app */ = {isa = PBXFileReference; explicitFileType = wrapper.application; includeInIndex = 0; path = tableViewcellWithxib.app; sourceTree = BUILT_PRODUCTS_DIR; };
		BEC512922032C04200729FE1 /* AppDelegate.swift */ = {isa = PBXFileReference; lastKnownFileType = sourcecode.swift; path = AppDelegate.swift; sourceTree = "<group>"; };
		BEC512942032C04200729FE1 /* ViewController.swift */ = {isa = PBXFileReference; lastKnownFileType = sourcecode.swift; path = ViewController.swift; sourceTree = "<group>"; };
		BEC512972032C04200729FE1 /* Base */ = {isa = PBXFileReference; lastKnownFileType = file.storyboard; name = Base; path = Base.lproj/Main.storyboard; sourceTree = "<group>"; };
		BEC512992032C04200729FE1 /* Assets.xcassets */ = {isa = PBXFileReference; lastKnownFileType = folder.assetcatalog; path = Assets.xcassets; sourceTree = "<group>"; };
		BEC5129C2032C04200729FE1 /* Base */ = {isa = PBXFileReference; lastKnownFileType = file.storyboard; name = Base; path = Base.lproj/LaunchScreen.storyboard; sourceTree = "<group>"; };
		BEC5129E2032C04200729FE1 /* Info.plist */ = {isa = PBXFileReference; lastKnownFileType = text.plist.xml; path = Info.plist; sourceTree = "<group>"; };
		BEC512A42032C25900729FE1 /* commonCell.swift */ = {isa = PBXFileReference; fileEncoding = 4; lastKnownFileType = sourcecode.swift; path = commonCell.swift; sourceTree = "<group>"; };
		BEC512A52032C25900729FE1 /* commonCell.xib */ = {isa = PBXFileReference; fileEncoding = 4; lastKnownFileType = file.xib; path = commonCell.xib; sourceTree = "<group>"; };
/* End PBXFileReference section */

/* Begin PBXFrameworksBuildPhase section */
		BEC5128C2032C04200729FE1 /* Frameworks */ = {
			isa = PBXFrameworksBuildPhase;
			buildActionMask = 2147483647;
			files = (
			);
			runOnlyForDeploymentPostprocessing = 0;
		};
/* End PBXFrameworksBuildPhase section */

/* Begin PBXGroup section */
		BEC512862032C04200729FE1 = {
			isa = PBXGroup;
			children = (
				BEC512912032C04200729FE1 /* tableViewcellWithxib */,
				BEC512902032C04200729FE1 /* Products */,
			);
			sourceTree = "<group>";
		};
		BEC512902032C04200729FE1 /* Products */ = {
			isa = PBXGroup;
			children = (
				BEC5128F2032C04200729FE1 /* tableViewcellWithxib.app */,
			);
			name = Products;
			sourceTree = "<group>";
		};
		BEC512912032C04200729FE1 /* tableViewcellWithxib */ = {
			isa = PBXGroup;
			children = (
				BEC512922032C04200729FE1 /* AppDelegate.swift */,
				BEC512942032C04200729FE1 /* ViewController.swift */,
				BEC512962032C04200729FE1 /* Main.storyboard */,
				BEC512992032C04200729FE1 /* Assets.xcassets */,
				BEC5129B2032C04200729FE1 /* LaunchScreen.storyboard */,
				BEC5129E2032C04200729FE1 /* Info.plist */,
				BEC512A42032C25900729FE1 /* commonCell.swift */,
				BEC512A52032C25900729FE1 /* commonCell.xib */,
			);
			path = tableViewcellWithxib;
			sourceTree = "<group>";
		};
/* End PBXGroup section */

/* Begin PBXNativeTarget section */
		BEC5128E2032C04200729FE1 /* tableViewcellWithxib */ = {
			isa = PBXNativeTarget;
			buildConfigurationList = BEC512A12032C04200729FE1 /* Build configuration list for PBXNativeTarget "tableViewcellWithxib" */;
			buildPhases = (
				BEC5128B2032C04200729FE1 /* Sources */,
				BEC5128C2032C04200729FE1 /* Frameworks */,
				BEC5128D2032C04200729FE1 /* Resources */,
			);
			buildRules = (
			);
			dependencies = (
			);
			name = tableViewcellWithxib;
			productName = tableViewcellWithxib;
			productReference = BEC5128F2032C04200729FE1 /* tableViewcellWithxib.app */;
			productType = "com.apple.product-type.application";
		};
/* End PBXNativeTarget section */

/* Begin PBXProject section */
		BEC512872032C04200729FE1 /* Project object */ = {
			isa = PBXProject;
			attributes = {
				LastSwiftUpdateCheck = 0830;
				LastUpgradeCheck = 0830;
				ORGANIZATIONNAME = "Neha Gupta";
				TargetAttributes = {
					BEC5128E2032C04200729FE1 = {
						CreatedOnToolsVersion = 8.3.3;
						LastSwiftMigration = 0920;
						ProvisioningStyle = Automatic;
					};
				};
			};
			buildConfigurationList = BEC5128A2032C04200729FE1 /* Build configuration list for PBXProject "tableViewcellWithxib" */;
			compatibilityVersion = "Xcode 3.2";
			developmentRegion = English;
			hasScannedForEncodings = 0;
			knownRegions = (
				en,
				Base,
			);
			mainGroup = BEC512862032C04200729FE1;
			productRefGroup = BEC512902032C04200729FE1 /* Products */;
			projectDirPath = "";
			projectRoot = "";
			targets = (
				BEC5128E2032C04200729FE1 /* tableViewcellWithxib */,
			);
		};
/* End PBXProject section */

/* Begin PBXResourcesBuildPhase section */
		BEC5128D2032C04200729FE1 /* Resources */ = {
			isa = PBXResourcesBuildPhase;
			buildActionMask = 2147483647;
			files = (
				BEC512A72032C25900729FE1 /* commonCell.xib in Resources */,
				BEC5129D2032C04200729FE1 /* LaunchScreen.storyboard in Resources */,
				BEC5129A2032C04200729FE1 /* Assets.xcassets in Resources */,
				BEC512982032C04200729FE1 /* Main.storyboard in Resources */,
			);
			runOnlyForDeploymentPostprocessing = 0;
		};
/* End PBXResourcesBuildPhase section */

/* Begin PBXSourcesBuildPhase section */
		BEC5128B2032C04200729FE1 /* Sources */ = {
			isa = PBXSourcesBuildPhase;
			buildActionMask = 2147483647;
			files = (
				BEC512A62032C25900729FE1 /* commonCell.swift in Sources */,
				BEC512952032C04200729FE1 /* ViewController.swift in Sources */,
				BEC512932032C04200729FE1 /* AppDelegate.swift in Sources */,
			);
			runOnlyForDeploymentPostprocessing = 0;
		};
/* End PBXSourcesBuildPhase section */

/* Begin PBXVariantGroup section */
		BEC512962032C04200729FE1 /* Main.storyboard */ = {
			isa = PBXVariantGroup;
			children = (
				BEC512972032C04200729FE1 /* Base */,
			);
			name = Main.storyboard;
			sourceTree = "<group>";
		};
		BEC5129B2032C04200729FE1 /* LaunchScreen.storyboard */ = {
			isa = PBXVariantGroup;
			children = (
				BEC5129C2032C04200729FE1 /* Base */,
			);
			name = LaunchScreen.storyboard;
			sourceTree = "<group>";
		};
/* End PBXVariantGroup section */

/* Begin XCBuildConfiguration section */
		BEC5129F2032C04200729FE1 /* Debug */ = {
			isa = XCBuildConfiguration;
			buildSettings = {
				ALWAYS_SEARCH_USER_PATHS = NO;
				CLANG_ANALYZER_NONNULL = YES;
				CLANG_ANALYZER_NUMBER_OBJECT_CONVERSION = YES_AGGRESSIVE;
				CLANG_CXX_LANGUAGE_STANDARD = "gnu++0x";
				CLANG_CXX_LIBRARY = "libc++";
				CLANG_ENABLE_MODULES = YES;
				CLANG_ENABLE_OBJC_ARC = YES;
				CLANG_WARN_BOOL_CONVERSION = YES;
				CLANG_WARN_CONSTANT_CONVERSION = YES;
				CLANG_WARN_DIRECT_OBJC_ISA_USAGE = YES_ERROR;
				CLANG_WARN_DOCUMENTATION_COMMENTS = YES;
				CLANG_WARN_EMPTY_BODY = YES;
				CLANG_WARN_ENUM_CONVERSION = YES;
				CLANG_WARN_INFINITE_RECURSION = YES;
				CLANG_WARN_INT_CONVERSION = YES;
				CLANG_WARN_OBJC_ROOT_CLASS = YES_ERROR;
				CLANG_WARN_SUSPICIOUS_MOVE = YES;
				CLANG_WARN_UNREACHABLE_CODE = YES;
				CLANG_WARN__DUPLICATE_METHOD_MATCH = YES;
				"CODE_SIGN_IDENTITY[sdk=iphoneos*]" = "iPhone Developer";
				COPY_PHASE_STRIP = NO;
				DEBUG_INFORMATION_FORMAT = dwarf;
				ENABLE_STRICT_OBJC_MSGSEND = YES;
				ENABLE_TESTABILITY = YES;
				GCC_C_LANGUAGE_STANDARD = gnu99;
				GCC_DYNAMIC_NO_PIC = NO;
				GCC_NO_COMMON_BLOCKS = YES;
				GCC_OPTIMIZATION_LEVEL = 0;
				GCC_PREPROCESSOR_DEFINITIONS = (
					"DEBUG=1",
					"$(inherited)",
				);
				GCC_WARN_64_TO_32_BIT_CONVERSION = YES;
				GCC_WARN_ABOUT_RETURN_TYPE = YES_ERROR;
				GCC_WARN_UNDECLARED_SELECTOR = YES;
				GCC_WARN_UNINITIALIZED_AUTOS = YES_AGGRESSIVE;
				GCC_WARN_UNUSED_FUNCTION = YES;
				GCC_WARN_UNUSED_VARIABLE = YES;
				IPHONEOS_DEPLOYMENT_TARGET = 10.3;
				MTL_ENABLE_DEBUG_INFO = YES;
				ONLY_ACTIVE_ARCH = YES;
				SDKROOT = iphoneos;
				SWIFT_ACTIVE_COMPILATION_CONDITIONS = DEBUG;
				SWIFT_OPTIMIZATION_LEVEL = "-Onone";
				TARGETED_DEVICE_FAMILY = "1,2";
			};
			name = Debug;
		};
		BEC512A02032C04200729FE1 /* Release */ = {
			isa = XCBuildConfiguration;
			buildSettings = {
				ALWAYS_SEARCH_USER_PATHS = NO;
				CLANG_ANALYZER_NONNULL = YES;
				CLANG_ANALYZER_NUMBER_OBJECT_CONVERSION = YES_AGGRESSIVE;
				CLANG_CXX_LANGUAGE_STANDARD = "gnu++0x";
				CLANG_CXX_LIBRARY = "libc++";
				CLANG_ENABLE_MODULES = YES;
				CLANG_ENABLE_OBJC_ARC = YES;
				CLANG_WARN_BOOL_CONVERSION = YES;
				CLANG_WARN_CONSTANT_CONVERSION = YES;
				CLANG_WARN_DIRECT_OBJC_ISA_USAGE = YES_ERROR;
				CLANG_WARN_DOCUMENTATION_COMMENTS = YES;
				CLANG_WARN_EMPTY_BODY = YES;
				CLANG_WARN_ENUM_CONVERSION = YES;
				CLANG_WARN_INFINITE_RECURSION = YES;
				CLANG_WARN_INT_CONVERSION = YES;
				CLANG_WARN_OBJC_ROOT_CLASS = YES_ERROR;
				CLANG_WARN_SUSPICIOUS_MOVE = YES;
				CLANG_WARN_UNREACHABLE_CODE = YES;
				CLANG_WARN__DUPLICATE_METHOD_MATCH = YES;
				"CODE_SIGN_IDENTITY[sdk=iphoneos*]" = "iPhone Developer";
				COPY_PHASE_STRIP = NO;
				DEBUG_INFORMATION_FORMAT = "dwarf-with-dsym";
				ENABLE_NS_ASSERTIONS = NO;
				ENABLE_STRICT_OBJC_MSGSEND = YES;
				GCC_C_LANGUAGE_STANDARD = gnu99;
				GCC_NO_COMMON_BLOCKS = YES;
				GCC_WARN_64_TO_32_BIT_CONVERSION = YES;
				GCC_WARN_ABOUT_RETURN_TYPE = YES_ERROR;
				GCC_WARN_UNDECLARED_SELECTOR = YES;
				GCC_WARN_UNINITIALIZED_AUTOS = YES_AGGRESSIVE;
				GCC_WARN_UNUSED_FUNCTION = YES;
				GCC_WARN_UNUSED_VARIABLE = YES;
				IPHONEOS_DEPLOYMENT_TARGET = 10.3;
				MTL_ENABLE_DEBUG_INFO = NO;
				SDKROOT = iphoneos;
				SWIFT_OPTIMIZATION_LEVEL = "-Owholemodule";
				TARGETED_DEVICE_FAMILY = "1,2";
				VALIDATE_PRODUCT = YES;
			};
			name = Release;
		};
		BEC512A22032C04200729FE1 /* Debug */ = {
			isa = XCBuildConfiguration;
			buildSettings = {
				ASSETCATALOG_COMPILER_APPICON_NAME = AppIcon;
				INFOPLIST_FILE = tableViewcellWithxib/Info.plist;
				LD_RUNPATH_SEARCH_PATHS = "$(inherited) @executable_path/Frameworks";
				PRODUCT_BUNDLE_IDENTIFIER = Neha.tableViewcellWithxib;
				PRODUCT_NAME = "$(TARGET_NAME)";
				SWIFT_SWIFT3_OBJC_INFERENCE = On;
				SWIFT_VERSION = 4.0;
			};
			name = Debug;
		};
		BEC512A32032C04200729FE1 /* Release */ = {
			isa = XCBuildConfiguration;
			buildSettings = {
				ASSETCATALOG_COMPILER_APPICON_NAME = AppIcon;
				INFOPLIST_FILE = tableViewcellWithxib/Info.plist;
				LD_RUNPATH_SEARCH_PATHS = "$(inherited) @executable_path/Frameworks";
				PRODUCT_BUNDLE_IDENTIFIER = Neha.tableViewcellWithxib;
				PRODUCT_NAME = "$(TARGET_NAME)";
				SWIFT_SWIFT3_OBJC_INFERENCE = On;
				SWIFT_VERSION = 4.0;
			};
			name = Release;
		};
/* End XCBuildConfiguration section */

/* Begin XCConfigurationList section */
		BEC5128A2032C04200729FE1 /* Build configuration list for PBXProject "tableViewcellWithxib" */ = {
			isa = XCConfigurationList;
			buildConfigurations = (
				BEC5129F2032C04200729FE1 /* Debug */,
				BEC512A02032C04200729FE1 /* Release */,
			);
			defaultConfigurationIsVisible = 0;
			defaultConfigurationName = Release;
		};
		BEC512A12032C04200729FE1 /* Build configuration list for PBXNativeTarget "tableViewcellWithxib" */ = {
			isa = XCConfigurationList;
			buildConfigurations = (
				BEC512A22032C04200729FE1 /* Debug */,
				BEC512A32032C04200729FE1 /* Release */,
			);
			defaultConfigurationIsVisible = 0;
			defaultConfigurationName = Release;
		};
/* End XCConfigurationList section */
	};
	rootObject = BEC512872032C04200729FE1 /* Project object */;
}
